
Microsoft Visual Studio Solution File, Format Version 12.00
# Visual Studio Version 16
VisualStudioVersion = 16.0.31321.278
MinimumVisualStudioVersion = 10.0.40219.1
Project("{FAE04EC0-301F-11D3-BF4B-00C04F79EFBC}") = "SwapValues", "SwapValues\SwapValues.csproj", "{92C0FA50-375C-4762-9C67-85D71BCC7803}"
EndProject
Global
	GlobalSection(SolutionConfigurationPlatforms) = preSolution
		Debug|Any CPU = Debug|Any CPU
		Release|Any CPU = Release|Any CPU
	EndGlobalSection
	GlobalSection(ProjectConfigurationPlatforms) = postSolution
		{92C0FA50-375C-4762-9C67-85D71BCC7803}.Debug|Any CPU.ActiveCfg = Debug|Any CPU
		{92C0FA50-375C-4762-9C67-85D71BCC7803}.Debug|Any CPU.Build.0 = Debug|Any CPU
		{92C0FA50-375C-4762-9C67-85D71BCC7803}.Release|Any CPU.ActiveCfg = Release|Any CPU
		{92C0FA50-375C-4762-9C67-85D71BCC7803}.Release|Any CPU.Build.0 = Release|Any CPU
	EndGlobalSection
	GlobalSection(SolutionProperties) = preSolution
		HideSolutionNode = FALSE
	EndGlobalSection
	GlobalSection(ExtensibilityGlobals) = postSolution
		SolutionGuid = {A0E231E6-82AA-4F4B-BB66-179415A8E480}
	EndGlobalSection
EndGlobal
